// !$*UTF8*$!
{
	archiveVersion = 1;
	classes = {
	};
	objectVersion = 46;
	objects = {

/* Begin PBXBuildFile section */
		BC0002D21CAE511300BB978B /* main.m in Sources */ = {isa = PBXBuildFile; fileRef = BC0002D11CAE511300BB978B /* main.m */; };
		BC0002D51CAE511300BB978B /* AppDelegate.m in Sources */ = {isa = PBXBuildFile; fileRef = BC0002D41CAE511300BB978B /* AppDelegate.m */; };
		BC0002D81CAE511300BB978B /* ViewController.m in Sources */ = {isa = PBXBuildFile; fileRef = BC0002D71CAE511300BB978B /* ViewController.m */; };
		BC0002DB1CAE511300BB978B /* Main.storyboard in Resources */ = {isa = PBXBuildFile; fileRef = BC0002D91CAE511300BB978B /* Main.storyboard */; };
		BC0002DD1CAE511400BB978B /* Assets.xcassets in Resources */ = {isa = PBXBuildFile; fileRef = BC0002DC1CAE511400BB978B /* Assets.xcassets */; };
		BC0002E01CAE511400BB978B /* LaunchScreen.storyboard in Resources */ = {isa = PBXBuildFile; fileRef = BC0002DE1CAE511400BB978B /* LaunchScreen.storyboard */; };
/* End PBXBuildFile section */

/* Begin PBXFileReference section */
		BC0002CD1CAE511300BB978B /* gitDeom.app */ = {isa = PBXFileReference; explicitFileType = wrapper.application; includeInIndex = 0; path = gitDeom.app; sourceTree = BUILT_PRODUCTS_DIR; };
		BC0002D11CAE511300BB978B /* main.m */ = {isa = PBXFileReference; lastKnownFileType = sourcecode.c.objc; path = main.m; sourceTree = "<group>"; };
		BC0002D31CAE511300BB978B /* AppDelegate.h */ = {isa = PBXFileReference; lastKnownFileType = sourcecode.c.h; path = AppDelegate.h; sourceTree = "<group>"; };
		BC0002D41CAE511300BB978B /* AppDelegate.m */ = {isa = PBXFileReference; lastKnownFileType = sourcecode.c.objc; path = AppDelegate.m; sourceTree = "<group>"; };
		BC0002D61CAE511300BB978B /* ViewController.h */ = {isa = PBXFileReference; lastKnownFileType = sourcecode.c.h; path = ViewController.h; sourceTree = "<group>"; };
		BC0002D71CAE511300BB978B /* ViewController.m */ = {isa = PBXFileReference; lastKnownFileType = sourcecode.c.objc; path = ViewController.m; sourceTree = "<group>"; };
		BC0002DA1CAE511300BB978B /* Base */ = {isa = PBXFileReference; lastKnownFileType = file.storyboard; name = Base; path = Base.lproj/Main.storyboard; sourceTree = "<group>"; };
		BC0002DC1CAE511400BB978B /* Assets.xcassets */ = {isa = PBXFileReference; lastKnownFileType = folder.assetcatalog; path = Assets.xcassets; sourceTree = "<group>"; };
		BC0002DF1CAE511400BB978B /* Base */ = {isa = PBXFileReference; lastKnownFileType = file.storyboard; name = Base; path = Base.lproj/LaunchScreen.storyboard; sourceTree = "<group>"; };
		BC0002E11CAE511400BB978B /* Info.plist */ = {isa = PBXFileReference; lastKnownFileType = text.plist.xml; path = Info.plist; sourceTree = "<group>"; };
/* End PBXFileReference section */

/* Begin PBXFrameworksBuildPhase section */
		BC0002CA1CAE511300BB978B /* Frameworks */ = {
			isa = PBXFrameworksBuildPhase;
			buildActionMask = 2147483647;
			files = (
			);
			runOnlyForDeploymentPostprocessing = 0;
		};
/* End PBXFrameworksBuildPhase section */

/* Begin PBXGroup section */
		BC0002C41CAE511300BB978B = {
			isa = PBXGroup;
			children = (
				BC0002CF1CAE511300BB978B /* gitDeom */,
				BC0002CE1CAE511300BB978B /* Products */,
			);
			sourceTree = "<group>";
		};
		BC0002CE1CAE511300BB978B /* Products */ = {
			isa = PBXGroup;
			children = (
				BC0002CD1CAE511300BB978B /* gitDeom.app */,
			);
			name = Products;
			sourceTree = "<group>";
		};
		BC0002CF1CAE511300BB978B /* gitDeom */ = {
			isa = PBXGroup;
			children = (
				BC0002D31CAE511300BB978B /* AppDelegate.h */,
				BC0002D41CAE511300BB978B /* AppDelegate.m */,
				BC0002D61CAE511300BB978B /* ViewController.h */,
				BC0002D71CAE511300BB978B /* ViewController.m */,
				BC0002D91CAE511300BB978B /* Main.storyboard */,
				BC0002DC1CAE511400BB978B /* Assets.xcassets */,
				BC0002DE1CAE511400BB978B /* LaunchScreen.storyboard */,
				BC0002E11CAE511400BB978B /* Info.plist */,
				BC0002D01CAE511300BB978B /* Supporting Files */,
			);
			path = gitDeom;
			sourceTree = "<group>";
		};
		BC0002D01CAE511300BB978B /* Supporting Files */ = {
			isa = PBXGroup;
			children = (
				BC0002D11CAE511300BB978B /* main.m */,
			);
			name = "Supporting Files";
			sourceTree = "<group>";
		};
/* End PBXGroup section */

/* Begin PBXNativeTarget section */
		BC0002CC1CAE511300BB978B /* gitDeom */ = {
			isa = PBXNativeTarget;
			buildConfigurationList = BC0002E41CAE511400BB978B /* Build configuration list for PBXNativeTarget "gitDeom" */;
			buildPhases = (
				BC0002C91CAE511300BB978B /* Sources */,
				BC0002CA1CAE511300BB978B /* Frameworks */,
				BC0002CB1CAE511300BB978B /* Resources */,
			);
			buildRules = (
			);
			dependencies = (
			);
			name = gitDeom;
			productName = gitDeom;
			productReference = BC0002CD1CAE511300BB978B /* gitDeom.app */;
			productType = "com.apple.product-type.application";
		};
/* End PBXNativeTarget section */

/* Begin PBXProject section */
		BC0002C51CAE511300BB978B /* Project object */ = {
			isa = PBXProject;
			attributes = {
				LastUpgradeCheck = 0710;
				ORGANIZATIONNAME = Jeson;
				TargetAttributes = {
					BC0002CC1CAE511300BB978B = {
						CreatedOnToolsVersion = 7.1;
					};
				};
			};
			buildConfigurationList = BC0002C81CAE511300BB978B /* Build configuration list for PBXProject "gitDeom" */;
			compatibilityVersion = "Xcode 3.2";
			developmentRegion = English;
			hasScannedForEncodings = 0;
			knownRegions = (
				en,
				Base,
			);
			mainGroup = BC0002C41CAE511300BB978B;
			productRefGroup = BC0002CE1CAE511300BB978B /* Products */;
			projectDirPath = "";
			projectRoot = "";
			targets = (
				BC0002CC1CAE511300BB978B /* gitDeom */,
			);
		};
/* End PBXProject section */

/* Begin PBXResourcesBuildPhase section */
		BC0002CB1CAE511300BB978B /* Resources */ = {
			isa = PBXResourcesBuildPhase;
			buildActionMask = 2147483647;
			files = (
				BC0002E01CAE511400BB978B /* LaunchScreen.storyboard in Resources */,
				BC0002DD1CAE511400BB978B /* Assets.xcassets in Resources */,
				BC0002DB1CAE511300BB978B /* Main.storyboard in Resources */,
			);
			runOnlyForDeploymentPostprocessing = 0;
		};
/* End PBXResourcesBuildPhase section */

/* Begin PBXSourcesBuildPhase section */
		BC0002C91CAE511300BB978B /* Sources */ = {
			isa = PBXSourcesBuildPhase;
			buildActionMask = 2147483647;
			files = (
				BC0002D81CAE511300BB978B /* ViewController.m in Sources */,
				BC0002D51CAE511300BB978B /* AppDelegate.m in Sources */,
				BC0002D21CAE511300BB978B /* main.m in Sources */,
			);
			runOnlyForDeploymentPostprocessing = 0;
		};
/* End PBXSourcesBuildPhase section */

/* Begin PBXVariantGroup section */
		BC0002D91CAE511300BB978B /* Main.storyboard */ = {
			isa = PBXVariantGroup;
			children = (
				BC0002DA1CAE511300BB978B /* Base */,
			);
			name = Main.storyboard;
			sourceTree = "<group>";
		};
		BC0002DE1CAE511400BB978B /* LaunchScreen.storyboard */ = {
			isa = PBXVariantGroup;
			children = (
				BC0002DF1CAE511400BB978B /* Base */,
			);
			name = LaunchScreen.storyboard;
			sourceTree = "<group>";
		};
/* End PBXVariantGroup section */

/* Begin XCBuildConfiguration section */
		BC0002E21CAE511400BB978B /* Debug */ = {
			isa = XCBuildConfiguration;
			buildSettings = {
				ALWAYS_SEARCH_USER_PATHS = NO;
				CLANG_CXX_LANGUAGE_STANDARD = "gnu++0x";
				CLANG_CXX_LIBRARY = "libc++";
				CLANG_ENABLE_MODULES = YES;
				CLANG_ENABLE_OBJC_ARC = YES;
				CLANG_WARN_BOOL_CONVERSION = YES;
				CLANG_WARN_CONSTANT_CONVERSION = YES;
				CLANG_WARN_DIRECT_OBJC_ISA_USAGE = YES_ERROR;
				CLANG_WARN_EMPTY_BODY = YES;
				CLANG_WARN_ENUM_CONVERSION = YES;
				CLANG_WARN_INT_CONVERSION = YES;
				CLANG_WARN_OBJC_ROOT_CLASS = YES_ERROR;
				CLANG_WARN_UNREACHABLE_CODE = YES;
				CLANG_WARN__DUPLICATE_METHOD_MATCH = YES;
				"CODE_SIGN_IDENTITY[sdk=iphoneos*]" = "iPhone Developer";
				COPY_PHASE_STRIP = NO;
				DEBUG_INFORMATION_FORMAT = dwarf;
				ENABLE_STRICT_OBJC_MSGSEND = YES;
				ENABLE_TESTABILITY = YES;
				GCC_C_LANGUAGE_STANDARD = gnu99;
				GCC_DYNAMIC_NO_PIC = NO;
				GCC_NO_COMMON_BLOCKS = YES;
				GCC_OPTIMIZATION_LEVEL = 0;
				GCC_PREPROCESSOR_DEFINITIONS = (
					"DEBUG=1",
					"$(inherited)",
				);
				GCC_WARN_64_TO_32_BIT_CONVERSION = YES;
				GCC_WARN_ABOUT_RETURN_TYPE = YES_ERROR;
				GCC_WARN_UNDECLARED_SELECTOR = YES;
				GCC_WARN_UNINITIALIZED_AUTOS = YES_AGGRESSIVE;
				GCC_WARN_UNUSED_FUNCTION = YES;
				GCC_WARN_UNUSED_VARIABLE = YES;
				IPHONEOS_DEPLOYMENT_TARGET = 9.1;
				MTL_ENABLE_DEBUG_INFO = YES;
				ONLY_ACTIVE_ARCH = YES;
				SDKROOT = iphoneos;
			};
			name = Debug;
		};
		BC0002E31CAE511400BB978B /* Release */ = {
			isa = XCBuildConfiguration;
			buildSettings = {
				ALWAYS_SEARCH_USER_PATHS = NO;
				CLANG_CXX_LANGUAGE_STANDARD = "gnu++0x";
				CLANG_CXX_LIBRARY = "libc++";
				CLANG_ENABLE_MODULES = YES;
				CLANG_ENABLE_OBJC_ARC = YES;
				CLANG_WARN_BOOL_CONVERSION = YES;
				CLANG_WARN_CONSTANT_CONVERSION = YES;
				CLANG_WARN_DIRECT_OBJC_ISA_USAGE = YES_ERROR;
				CLANG_WARN_EMPTY_BODY = YES;
				CLANG_WARN_ENUM_CONVERSION = YES;
				CLANG_WARN_INT_CONVERSION = YES;
				CLANG_WARN_OBJC_ROOT_CLASS = YES_ERROR;
				CLANG_WARN_UNREACHABLE_CODE = YES;
				CLANG_WARN__DUPLICATE_METHOD_MATCH = YES;
				"CODE_SIGN_IDENTITY[sdk=iphoneos*]" = "iPhone Developer";
				COPY_PHASE_STRIP = NO;
				DEBUG_INFORMATION_FORMAT = "dwarf-with-dsym";
				ENABLE_NS_ASSERTIONS = NO;
				ENABLE_STRICT_OBJC_MSGSEND = YES;
				GCC_C_LANGUAGE_STANDARD = gnu99;
				GCC_NO_COMMON_BLOCKS = YES;
				GCC_WARN_64_TO_32_BIT_CONVERSION = YES;
				GCC_WARN_ABOUT_RETURN_TYPE = YES_ERROR;
				GCC_WARN_UNDECLARED_SELECTOR = YES;
				GCC_WARN_UNINITIALIZED_AUTOS = YES_AGGRESSIVE;
				GCC_WARN_UNUSED_FUNCTION = YES;
				GCC_WARN_UNUSED_VARIABLE = YES;
				IPHONEOS_DEPLOYMENT_TARGET = 9.1;
				MTL_ENABLE_DEBUG_INFO = NO;
				SDKROOT = iphoneos;
				VALIDATE_PRODUCT = YES;
			};
			name = Release;
		};
		BC0002E51CAE511400BB978B /* Debug */ = {
			isa = XCBuildConfiguration;
			buildSettings = {
				ASSETCATALOG_COMPILER_APPICON_NAME = AppIcon;
				INFOPLIST_FILE = gitDeom/Info.plist;
				LD_RUNPATH_SEARCH_PATHS = "$(inherited) @executable_path/Frameworks";
				PRODUCT_BUNDLE_IDENTIFIER = com.1521.gitDeom;
				PRODUCT_NAME = "$(TARGET_NAME)";
			};
			name = Debug;
		};
		BC0002E61CAE511400BB978B /* Release */ = {
			isa = XCBuildConfiguration;
			buildSettings = {
				ASSETCATALOG_COMPILER_APPICON_NAME = AppIcon;
				INFOPLIST_FILE = gitDeom/Info.plist;
				LD_RUNPATH_SEARCH_PATHS = "$(inherited) @executable_path/Frameworks";
				PRODUCT_BUNDLE_IDENTIFIER = com.1521.gitDeom;
				PRODUCT_NAME = "$(TARGET_NAME)";
			};
			name = Release;
		};
/* End XCBuildConfiguration section */

/* Begin XCConfigurationList section */
		BC0002C81CAE511300BB978B /* Build configuration list for PBXProject "gitDeom" */ = {
			isa = XCConfigurationList;
			buildConfigurations = (
				BC0002E21CAE511400BB978B /* Debug */,
				BC0002E31CAE511400BB978B /* Release */,
			);
			defaultConfigurationIsVisible = 0;
			defaultConfigurationName = Release;
		};
		BC0002E41CAE511400BB978B /* Build configuration list for PBXNativeTarget "gitDeom" */ = {
			isa = XCConfigurationList;
			buildConfigurations = (
				BC0002E51CAE511400BB978B /* Debug */,
				BC0002E61CAE511400BB978B /* Release */,
			);
			defaultConfigurationIsVisible = 0;
		};
/* End XCConfigurationList section */
	};
	rootObject = BC0002C51CAE511300BB978B /* Project object */;
}
